<?xml version="1.0" encoding="UTF-8"?>
<Scheme
   LastUpgradeVersion = "0710"
   version = "1.3">
   <BuildAction
      parallelizeBuildables = "YES"
      buildImplicitDependencies = "YES">
      <BuildActionEntries>
         <BuildActionEntry
            buildForTesting = "YES"
            buildForRunning = "YES"
            buildForProfiling = "YES"
            buildForArchiving = "YES"
            buildForAnalyzing = "YES">
            <BuildableReference
               BuildableIdentifier = "primary"
               BlueprintIdentifier = "8EE5E75F1CCDF3470026EE7F"
               BuildableName = "iOS__UICollectionView03_020113.app"
               BlueprintName = "iOS__UICollectionView03_020113"
               ReferencedContainer = "container:iOS__UICollectionView03_020113.xcodeproj">
            </BuildableReference>
         </BuildActionEntry>
      </BuildActionEntries>
   </BuildAction>
   <TestAction
      buildConfiguration = "Debug"
      selectedDebuggerIdentifier = "Xcode.DebuggerFoundation.Debugger.LLDB"
      selectedLauncherIdentifier = "Xcode.DebuggerFoundation.Launcher.LLDB"
      shouldUseLaunchSchemeArgsEnv = "YES">
      <Testables>
         <TestableReference
            skipped = "NO">
            <BuildableReference
               BuildableIdentifier = "primary"
               BlueprintIdentifier = "8EE5E7781CCDF3470026EE7F"
               BuildableName = "iOS__UICollectionView03_020113Tests.xctest"
               BlueprintName = "iOS__UICollectionView03_020113Tests"
               ReferencedContainer = "container:iOS__UICollectionView03_020113.xcodeproj">
            </BuildableReference>
         </TestableReference>
         <TestableReference
            skipped = "NO">
            <BuildableReference
               BuildableIdentifier = "primary"
               BlueprintIdentifier = "8EE5E7831CCDF3480026EE7F"
               BuildableName = "iOS__UICollectionView03_020113UITests.xctest"
               BlueprintName = "iOS__UICollectionView03_020113UITests"
               ReferencedContainer = "container:iOS__UICollectionView03_020113.xcodeproj">
            </BuildableReference>
         </TestableReference>
      </Testables>
      <MacroExpansion>
         <BuildableReference
            BuildableIdentifier = "primary"
            BlueprintIdentifier = "8EE5E75F1CCDF3470026EE7F"
            BuildableName = "iOS__UICollectionView03_020113.app"
            BlueprintName = "iOS__UICollectionView03_020113"
            ReferencedContainer = "container:iOS__UICollectionView03_020113.xcodeproj">
         </BuildableReference>
      </MacroExpansion>
      <AdditionalOptions>
      </AdditionalOptions>
   </TestAction>
   <LaunchAction
      buildConfiguration = "Debug"
      selectedDebuggerIdentifier = "Xcode.DebuggerFoundation.Debugger.LLDB"
      selectedLauncherIdentifier = "Xcode.DebuggerFoundation.Launcher.LLDB"
      launchStyle = "0"
      useCustomWorkingDirectory = "NO"
      ignoresPersistentStateOnLaunch = "NO"
      debugDocumentVersioning = "YES"
      debugServiceExtension = "internal"
      allowLocationSimulation = "YES">
      <BuildableProductRunnable
         runnableDebuggingMode = "0">
         <BuildableReference
            BuildableIdentifier = "primary"
            BlueprintIdentifier = "8EE5E75F1CCDF3470026EE7F"
            BuildableName = "iOS__UICollectionView03_020113.app"
            BlueprintName = "iOS__UICollectionView03_020113"
            ReferencedContainer = "container:iOS__UICollectionView03_020113.xcodeproj">
         </BuildableReference>
      </BuildableProductRunnable>
      <AdditionalOptions>
      </AdditionalOptions>
   </LaunchAction>
   <ProfileAction
      buildConfiguration = "Release"
      shouldUseLaunchSchemeArgsEnv = "YES"
      savedToolIdentifier = ""
      useCustomWorkingDirectory = "NO"
      debugDocumentVersioning = "YES">
      <BuildableProductRunnable
         runnableDebuggingMode = "0">
         <BuildableReference
            BuildableIdentifier = "primary"
            BlueprintIdentifier = "8EE5E75F1CCDF3470026EE7F"
            BuildableName = "iOS__UICollectionView03_020113.app"
            BlueprintName = "iOS__UICollectionView03_020113"
            ReferencedContainer = "container:iOS__UICollectionView03_020113.xcodeproj">
         </BuildableReference>
      </BuildableProductRunnable>
   </ProfileAction>
   <AnalyzeAction
      buildConfiguration = "Debug">
   </AnalyzeAction>
   <ArchiveAction
      buildConfiguration = "Release"
      revealArchiveInOrganizer = "YES">
   </ArchiveAction>
</Scheme>
