// !$*UTF8*$!
{
	archiveVersion = 1;
	classes = {
	};
	objectVersion = 46;
	objects = {

/* Begin PBXBuildFile section */
		8EE5E7651CCDF3470026EE7F /* main.m in Sources */ = {isa = PBXBuildFile; fileRef = 8EE5E7641CCDF3470026EE7F /* main.m */; };
		8EE5E7681CCDF3470026EE7F /* AppDelegate.m in Sources */ = {isa = PBXBuildFile; fileRef = 8EE5E7671CCDF3470026EE7F /* AppDelegate.m */; };
		8EE5E76B1CCDF3470026EE7F /* ViewController.m in Sources */ = {isa = PBXBuildFile; fileRef = 8EE5E76A1CCDF3470026EE7F /* ViewController.m */; };
		8EE5E76E1CCDF3470026EE7F /* Main.storyboard in Resources */ = {isa = PBXBuildFile; fileRef = 8EE5E76C1CCDF3470026EE7F /* Main.storyboard */; };
		8EE5E7701CCDF3470026EE7F /* Assets.xcassets in Resources */ = {isa = PBXBuildFile; fileRef = 8EE5E76F1CCDF3470026EE7F /* Assets.xcassets */; };
		8EE5E7731CCDF3470026EE7F /* LaunchScreen.storyboard in Resources */ = {isa = PBXBuildFile; fileRef = 8EE5E7711CCDF3470026EE7F /* LaunchScreen.storyboard */; };
		8EE5E77E1CCDF3480026EE7F /* iOS__UICollectionView03_020113Tests.m in Sources */ = {isa = PBXBuildFile; fileRef = 8EE5E77D1CCDF3480026EE7F /* iOS__UICollectionView03_020113Tests.m */; };
		8EE5E7891CCDF3480026EE7F /* iOS__UICollectionView03_020113UITests.m in Sources */ = {isa = PBXBuildFile; fileRef = 8EE5E7881CCDF3480026EE7F /* iOS__UICollectionView03_020113UITests.m */; };
		8EE5E79B1CCDF4A80026EE7F /* Cell.m in Sources */ = {isa = PBXBuildFile; fileRef = 8EE5E79A1CCDF4A80026EE7F /* Cell.m */; };
		8EE5E7AD1CCDF6650026EE7F /* London.jpg in Resources */ = {isa = PBXBuildFile; fileRef = 8EE5E79C1CCDF6650026EE7F /* London.jpg */; };
		8EE5E7AE1CCDF6650026EE7F /* Paris.jpg in Resources */ = {isa = PBXBuildFile; fileRef = 8EE5E79D1CCDF6650026EE7F /* Paris.jpg */; };
		8EE5E7AF1CCDF6650026EE7F /* Tokyo.jpg in Resources */ = {isa = PBXBuildFile; fileRef = 8EE5E79E1CCDF6650026EE7F /* Tokyo.jpg */; };
		8EE5E7B01CCDF6650026EE7F /* NewYork.jpg in Resources */ = {isa = PBXBuildFile; fileRef = 8EE5E79F1CCDF6650026EE7F /* NewYork.jpg */; };
		8EE5E7B11CCDF6650026EE7F /* Shanghai.jpg in Resources */ = {isa = PBXBuildFile; fileRef = 8EE5E7A01CCDF6650026EE7F /* Shanghai.jpg */; };
		8EE5E7B21CCDF6650026EE7F /* Berlin.jpg in Resources */ = {isa = PBXBuildFile; fileRef = 8EE5E7A11CCDF6650026EE7F /* Berlin.jpg */; };
		8EE5E7B31CCDF6650026EE7F /* Sushi.jpg in Resources */ = {isa = PBXBuildFile; fileRef = 8EE5E7A21CCDF6650026EE7F /* Sushi.jpg */; };
		8EE5E7B51CCDF6650026EE7F /* Ramen.jpg in Resources */ = {isa = PBXBuildFile; fileRef = 8EE5E7A41CCDF6650026EE7F /* Ramen.jpg */; };
		8EE5E7B61CCDF6650026EE7F /* Pasta.jpg in Resources */ = {isa = PBXBuildFile; fileRef = 8EE5E7A51CCDF6650026EE7F /* Pasta.jpg */; };
		8EE5E7B71CCDF6650026EE7F /* Pizza.jpg in Resources */ = {isa = PBXBuildFile; fileRef = 8EE5E7A61CCDF6650026EE7F /* Pizza.jpg */; };
		8EE5E7B81CCDF6650026EE7F /* Paella.jpg in Resources */ = {isa = PBXBuildFile; fileRef = 8EE5E7A71CCDF6650026EE7F /* Paella.jpg */; };
		8EE5E7B91CCDF6650026EE7F /* Ham.jpg in Resources */ = {isa = PBXBuildFile; fileRef = 8EE5E7A81CCDF6650026EE7F /* Ham.jpg */; };
		8EE5E7BA1CCDF6650026EE7F /* FriedRice.jpg in Resources */ = {isa = PBXBuildFile; fileRef = 8EE5E7A91CCDF6650026EE7F /* FriedRice.jpg */; };
		8EE5E7BB1CCDF6650026EE7F /* Mabotofu.jpg in Resources */ = {isa = PBXBuildFile; fileRef = 8EE5E7AA1CCDF6650026EE7F /* Mabotofu.jpg */; };
		8EE5E7BC1CCDF6650026EE7F /* Fish&Chips.jpg in Resources */ = {isa = PBXBuildFile; fileRef = 8EE5E7AB1CCDF6650026EE7F /* Fish&Chips.jpg */; };
		8EE5E7BD1CCDF6650026EE7F /* BritishBreakfast.jpg in Resources */ = {isa = PBXBuildFile; fileRef = 8EE5E7AC1CCDF6650026EE7F /* BritishBreakfast.jpg */; };
		8EE5E7BF1CCDF95E0026EE7F /* Udon.jpg in Resources */ = {isa = PBXBuildFile; fileRef = 8EE5E7BE1CCDF95E0026EE7F /* Udon.jpg */; };
		8EE5E7C21CCE01D00026EE7F /* HeaderClass.m in Sources */ = {isa = PBXBuildFile; fileRef = 8EE5E7C11CCE01D00026EE7F /* HeaderClass.m */; };
/* End PBXBuildFile section */

/* Begin PBXContainerItemProxy section */
		8EE5E77A1CCDF3470026EE7F /* PBXContainerItemProxy */ = {
			isa = PBXContainerItemProxy;
			containerPortal = 8EE5E7581CCDF3460026EE7F /* Project object */;
			proxyType = 1;
			remoteGlobalIDString = 8EE5E75F1CCDF3470026EE7F;
			remoteInfo = iOS__UICollectionView03_020113;
		};
		8EE5E7851CCDF3480026EE7F /* PBXContainerItemProxy */ = {
			isa = PBXContainerItemProxy;
			containerPortal = 8EE5E7581CCDF3460026EE7F /* Project object */;
			proxyType = 1;
			remoteGlobalIDString = 8EE5E75F1CCDF3470026EE7F;
			remoteInfo = iOS__UICollectionView03_020113;
		};
/* End PBXContainerItemProxy section */

/* Begin PBXFileReference section */
		8EE5E7601CCDF3470026EE7F /* iOS__UICollectionView03_020113.app */ = {isa = PBXFileReference; explicitFileType = wrapper.application; includeInIndex = 0; path = iOS__UICollectionView03_020113.app; sourceTree = BUILT_PRODUCTS_DIR; };
		8EE5E7641CCDF3470026EE7F /* main.m */ = {isa = PBXFileReference; lastKnownFileType = sourcecode.c.objc; path = main.m; sourceTree = "<group>"; };
		8EE5E7661CCDF3470026EE7F /* AppDelegate.h */ = {isa = PBXFileReference; lastKnownFileType = sourcecode.c.h; path = AppDelegate.h; sourceTree = "<group>"; };
		8EE5E7671CCDF3470026EE7F /* AppDelegate.m */ = {isa = PBXFileReference; lastKnownFileType = sourcecode.c.objc; path = AppDelegate.m; sourceTree = "<group>"; };
		8EE5E7691CCDF3470026EE7F /* ViewController.h */ = {isa = PBXFileReference; lastKnownFileType = sourcecode.c.h; path = ViewController.h; sourceTree = "<group>"; };
		8EE5E76A1CCDF3470026EE7F /* ViewController.m */ = {isa = PBXFileReference; lastKnownFileType = sourcecode.c.objc; path = ViewController.m; sourceTree = "<group>"; };
		8EE5E76D1CCDF3470026EE7F /* Base */ = {isa = PBXFileReference; lastKnownFileType = file.storyboard; name = Base; path = Base.lproj/Main.storyboard; sourceTree = "<group>"; };
		8EE5E76F1CCDF3470026EE7F /* Assets.xcassets */ = {isa = PBXFileReference; lastKnownFileType = folder.assetcatalog; path = Assets.xcassets; sourceTree = "<group>"; };
		8EE5E7721CCDF3470026EE7F /* Base */ = {isa = PBXFileReference; lastKnownFileType = file.storyboard; name = Base; path = Base.lproj/LaunchScreen.storyboard; sourceTree = "<group>"; };
		8EE5E7741CCDF3470026EE7F /* Info.plist */ = {isa = PBXFileReference; lastKnownFileType = text.plist.xml; path = Info.plist; sourceTree = "<group>"; };
		8EE5E7791CCDF3470026EE7F /* iOS__UICollectionView03_020113Tests.xctest */ = {isa = PBXFileReference; explicitFileType = wrapper.cfbundle; includeInIndex = 0; path = iOS__UICollectionView03_020113Tests.xctest; sourceTree = BUILT_PRODUCTS_DIR; };
		8EE5E77D1CCDF3480026EE7F /* iOS__UICollectionView03_020113Tests.m */ = {isa = PBXFileReference; lastKnownFileType = sourcecode.c.objc; path = iOS__UICollectionView03_020113Tests.m; sourceTree = "<group>"; };
		8EE5E77F1CCDF3480026EE7F /* Info.plist */ = {isa = PBXFileReference; lastKnownFileType = text.plist.xml; path = Info.plist; sourceTree = "<group>"; };
		8EE5E7841CCDF3480026EE7F /* iOS__UICollectionView03_020113UITests.xctest */ = {isa = PBXFileReference; explicitFileType = wrapper.cfbundle; includeInIndex = 0; path = iOS__UICollectionView03_020113UITests.xctest; sourceTree = BUILT_PRODUCTS_DIR; };
		8EE5E7881CCDF3480026EE7F /* iOS__UICollectionView03_020113UITests.m */ = {isa = PBXFileReference; lastKnownFileType = sourcecode.c.objc; path = iOS__UICollectionView03_020113UITests.m; sourceTree = "<group>"; };
		8EE5E78A1CCDF3480026EE7F /* Info.plist */ = {isa = PBXFileReference; lastKnownFileType = text.plist.xml; path = Info.plist; sourceTree = "<group>"; };
		8EE5E7991CCDF4A80026EE7F /* Cell.h */ = {isa = PBXFileReference; fileEncoding = 4; lastKnownFileType = sourcecode.c.h; path = Cell.h; sourceTree = "<group>"; };
		8EE5E79A1CCDF4A80026EE7F /* Cell.m */ = {isa = PBXFileReference; fileEncoding = 4; lastKnownFileType = sourcecode.c.objc; path = Cell.m; sourceTree = "<group>"; };
		8EE5E79C1CCDF6650026EE7F /* London.jpg */ = {isa = PBXFileReference; lastKnownFileType = image.jpeg; path = London.jpg; sourceTree = "<group>"; };
		8EE5E79D1CCDF6650026EE7F /* Paris.jpg */ = {isa = PBXFileReference; lastKnownFileType = image.jpeg; path = Paris.jpg; sourceTree = "<group>"; };
		8EE5E79E1CCDF6650026EE7F /* Tokyo.jpg */ = {isa = PBXFileReference; lastKnownFileType = image.jpeg; path = Tokyo.jpg; sourceTree = "<group>"; };
		8EE5E79F1CCDF6650026EE7F /* NewYork.jpg */ = {isa = PBXFileReference; lastKnownFileType = image.jpeg; path = NewYork.jpg; sourceTree = "<group>"; };
		8EE5E7A01CCDF6650026EE7F /* Shanghai.jpg */ = {isa = PBXFileReference; lastKnownFileType = image.jpeg; path = Shanghai.jpg; sourceTree = "<group>"; };
		8EE5E7A11CCDF6650026EE7F /* Berlin.jpg */ = {isa = PBXFileReference; lastKnownFileType = image.jpeg; path = Berlin.jpg; sourceTree = "<group>"; };
		8EE5E7A21CCDF6650026EE7F /* Sushi.jpg */ = {isa = PBXFileReference; lastKnownFileType = image.jpeg; path = Sushi.jpg; sourceTree = "<group>"; };
		8EE5E7A41CCDF6650026EE7F /* Ramen.jpg */ = {isa = PBXFileReference; lastKnownFileType = image.jpeg; path = Ramen.jpg; sourceTree = "<group>"; };
		8EE5E7A51CCDF6650026EE7F /* Pasta.jpg */ = {isa = PBXFileReference; lastKnownFileType = image.jpeg; path = Pasta.jpg; sourceTree = "<group>"; };
		8EE5E7A61CCDF6650026EE7F /* Pizza.jpg */ = {isa = PBXFileReference; lastKnownFileType = image.jpeg; path = Pizza.jpg; sourceTree = "<group>"; };
		8EE5E7A71CCDF6650026EE7F /* Paella.jpg */ = {isa = PBXFileReference; lastKnownFileType = image.jpeg; path = Paella.jpg; sourceTree = "<group>"; };
		8EE5E7A81CCDF6650026EE7F /* Ham.jpg */ = {isa = PBXFileReference; lastKnownFileType = image.jpeg; path = Ham.jpg; sourceTree = "<group>"; };
		8EE5E7A91CCDF6650026EE7F /* FriedRice.jpg */ = {isa = PBXFileReference; lastKnownFileType = image.jpeg; path = FriedRice.jpg; sourceTree = "<group>"; };
		8EE5E7AA1CCDF6650026EE7F /* Mabotofu.jpg */ = {isa = PBXFileReference; lastKnownFileType = image.jpeg; path = Mabotofu.jpg; sourceTree = "<group>"; };
		8EE5E7AB1CCDF6650026EE7F /* Fish&Chips.jpg */ = {isa = PBXFileReference; lastKnownFileType = image.jpeg; path = "Fish&Chips.jpg"; sourceTree = "<group>"; };
		8EE5E7AC1CCDF6650026EE7F /* BritishBreakfast.jpg */ = {isa = PBXFileReference; lastKnownFileType = image.jpeg; path = BritishBreakfast.jpg; sourceTree = "<group>"; };
		8EE5E7BE1CCDF95E0026EE7F /* Udon.jpg */ = {isa = PBXFileReference; lastKnownFileType = image.jpeg; path = Udon.jpg; sourceTree = "<group>"; };
		8EE5E7C01CCE01D00026EE7F /* HeaderClass.h */ = {isa = PBXFileReference; fileEncoding = 4; lastKnownFileType = sourcecode.c.h; path = HeaderClass.h; sourceTree = "<group>"; };
		8EE5E7C11CCE01D00026EE7F /* HeaderClass.m */ = {isa = PBXFileReference; fileEncoding = 4; lastKnownFileType = sourcecode.c.objc; path = HeaderClass.m; sourceTree = "<group>"; };
/* End PBXFileReference section */

/* Begin PBXFrameworksBuildPhase section */
		8EE5E75D1CCDF3470026EE7F /* Frameworks */ = {
			isa = PBXFrameworksBuildPhase;
			buildActionMask = 2147483647;
			files = (
			);
			runOnlyForDeploymentPostprocessing = 0;
		};
		8EE5E7761CCDF3470026EE7F /* Frameworks */ = {
			isa = PBXFrameworksBuildPhase;
			buildActionMask = 2147483647;
			files = (
			);
			runOnlyForDeploymentPostprocessing = 0;
		};
		8EE5E7811CCDF3480026EE7F /* Frameworks */ = {
			isa = PBXFrameworksBuildPhase;
			buildActionMask = 2147483647;
			files = (
			);
			runOnlyForDeploymentPostprocessing = 0;
		};
/* End PBXFrameworksBuildPhase section */

/* Begin PBXGroup section */
		8EE5E7571CCDF3460026EE7F = {
			isa = PBXGroup;
			children = (
				8EE5E7621CCDF3470026EE7F /* iOS__UICollectionView03_020113 */,
				8EE5E77C1CCDF3470026EE7F /* iOS__UICollectionView03_020113Tests */,
				8EE5E7871CCDF3480026EE7F /* iOS__UICollectionView03_020113UITests */,
				8EE5E7611CCDF3470026EE7F /* Products */,
			);
			sourceTree = "<group>";
		};
		8EE5E7611CCDF3470026EE7F /* Products */ = {
			isa = PBXGroup;
			children = (
				8EE5E7601CCDF3470026EE7F /* iOS__UICollectionView03_020113.app */,
				8EE5E7791CCDF3470026EE7F /* iOS__UICollectionView03_020113Tests.xctest */,
				8EE5E7841CCDF3480026EE7F /* iOS__UICollectionView03_020113UITests.xctest */,
			);
			name = Products;
			sourceTree = "<group>";
		};
		8EE5E7621CCDF3470026EE7F /* iOS__UICollectionView03_020113 */ = {
			isa = PBXGroup;
			children = (
				8EE5E7661CCDF3470026EE7F /* AppDelegate.h */,
				8EE5E7671CCDF3470026EE7F /* AppDelegate.m */,
				8EE5E7691CCDF3470026EE7F /* ViewController.h */,
				8EE5E76A1CCDF3470026EE7F /* ViewController.m */,
				8EE5E76C1CCDF3470026EE7F /* Main.storyboard */,
				8EE5E76F1CCDF3470026EE7F /* Assets.xcassets */,
				8EE5E7711CCDF3470026EE7F /* LaunchScreen.storyboard */,
				8EE5E7741CCDF3470026EE7F /* Info.plist */,
				8EE5E7631CCDF3470026EE7F /* Supporting Files */,
				8EE5E7991CCDF4A80026EE7F /* Cell.h */,
				8EE5E79A1CCDF4A80026EE7F /* Cell.m */,
				8EE5E7C01CCE01D00026EE7F /* HeaderClass.h */,
				8EE5E7C11CCE01D00026EE7F /* HeaderClass.m */,
			);
			path = iOS__UICollectionView03_020113;
			sourceTree = "<group>";
		};
		8EE5E7631CCDF3470026EE7F /* Supporting Files */ = {
			isa = PBXGroup;
			children = (
				8EE5E7BE1CCDF95E0026EE7F /* Udon.jpg */,
				8EE5E79C1CCDF6650026EE7F /* London.jpg */,
				8EE5E79D1CCDF6650026EE7F /* Paris.jpg */,
				8EE5E79E1CCDF6650026EE7F /* Tokyo.jpg */,
				8EE5E79F1CCDF6650026EE7F /* NewYork.jpg */,
				8EE5E7A01CCDF6650026EE7F /* Shanghai.jpg */,
				8EE5E7A11CCDF6650026EE7F /* Berlin.jpg */,
				8EE5E7A21CCDF6650026EE7F /* Sushi.jpg */,
				8EE5E7A41CCDF6650026EE7F /* Ramen.jpg */,
				8EE5E7A51CCDF6650026EE7F /* Pasta.jpg */,
				8EE5E7A61CCDF6650026EE7F /* Pizza.jpg */,
				8EE5E7A71CCDF6650026EE7F /* Paella.jpg */,
				8EE5E7A81CCDF6650026EE7F /* Ham.jpg */,
				8EE5E7A91CCDF6650026EE7F /* FriedRice.jpg */,
				8EE5E7AA1CCDF6650026EE7F /* Mabotofu.jpg */,
				8EE5E7AB1CCDF6650026EE7F /* Fish&Chips.jpg */,
				8EE5E7AC1CCDF6650026EE7F /* BritishBreakfast.jpg */,
				8EE5E7641CCDF3470026EE7F /* main.m */,
			);
			name = "Supporting Files";
			sourceTree = "<group>";
		};
		8EE5E77C1CCDF3470026EE7F /* iOS__UICollectionView03_020113Tests */ = {
			isa = PBXGroup;
			children = (
				8EE5E77D1CCDF3480026EE7F /* iOS__UICollectionView03_020113Tests.m */,
				8EE5E77F1CCDF3480026EE7F /* Info.plist */,
			);
			path = iOS__UICollectionView03_020113Tests;
			sourceTree = "<group>";
		};
		8EE5E7871CCDF3480026EE7F /* iOS__UICollectionView03_020113UITests */ = {
			isa = PBXGroup;
			children = (
				8EE5E7881CCDF3480026EE7F /* iOS__UICollectionView03_020113UITests.m */,
				8EE5E78A1CCDF3480026EE7F /* Info.plist */,
			);
			path = iOS__UICollectionView03_020113UITests;
			sourceTree = "<group>";
		};
/* End PBXGroup section */

/* Begin PBXNativeTarget section */
		8EE5E75F1CCDF3470026EE7F /* iOS__UICollectionView03_020113 */ = {
			isa = PBXNativeTarget;
			buildConfigurationList = 8EE5E78D1CCDF3480026EE7F /* Build configuration list for PBXNativeTarget "iOS__UICollectionView03_020113" */;
			buildPhases = (
				8EE5E75C1CCDF3470026EE7F /* Sources */,
				8EE5E75D1CCDF3470026EE7F /* Frameworks */,
				8EE5E75E1CCDF3470026EE7F /* Resources */,
			);
			buildRules = (
			);
			dependencies = (
			);
			name = iOS__UICollectionView03_020113;
			productName = iOS__UICollectionView03_020113;
			productReference = 8EE5E7601CCDF3470026EE7F /* iOS__UICollectionView03_020113.app */;
			productType = "com.apple.product-type.application";
		};
		8EE5E7781CCDF3470026EE7F /* iOS__UICollectionView03_020113Tests */ = {
			isa = PBXNativeTarget;
			buildConfigurationList = 8EE5E7901CCDF3480026EE7F /* Build configuration list for PBXNativeTarget "iOS__UICollectionView03_020113Tests" */;
			buildPhases = (
				8EE5E7751CCDF3470026EE7F /* Sources */,
				8EE5E7761CCDF3470026EE7F /* Frameworks */,
				8EE5E7771CCDF3470026EE7F /* Resources */,
			);
			buildRules = (
			);
			dependencies = (
				8EE5E77B1CCDF3470026EE7F /* PBXTargetDependency */,
			);
			name = iOS__UICollectionView03_020113Tests;
			productName = iOS__UICollectionView03_020113Tests;
			productReference = 8EE5E7791CCDF3470026EE7F /* iOS__UICollectionView03_020113Tests.xctest */;
			productType = "com.apple.product-type.bundle.unit-test";
		};
		8EE5E7831CCDF3480026EE7F /* iOS__UICollectionView03_020113UITests */ = {
			isa = PBXNativeTarget;
			buildConfigurationList = 8EE5E7931CCDF3480026EE7F /* Build configuration list for PBXNativeTarget "iOS__UICollectionView03_020113UITests" */;
			buildPhases = (
				8EE5E7801CCDF3480026EE7F /* Sources */,
				8EE5E7811CCDF3480026EE7F /* Frameworks */,
				8EE5E7821CCDF3480026EE7F /* Resources */,
			);
			buildRules = (
			);
			dependencies = (
				8EE5E7861CCDF3480026EE7F /* PBXTargetDependency */,
			);
			name = iOS__UICollectionView03_020113UITests;
			productName = iOS__UICollectionView03_020113UITests;
			productReference = 8EE5E7841CCDF3480026EE7F /* iOS__UICollectionView03_020113UITests.xctest */;
			productType = "com.apple.product-type.bundle.ui-testing";
		};
/* End PBXNativeTarget section */

/* Begin PBXProject section */
		8EE5E7581CCDF3460026EE7F /* Project object */ = {
			isa = PBXProject;
			attributes = {
				LastUpgradeCheck = 0710;
				ORGANIZATIONNAME = KoheiNshioka;
				TargetAttributes = {
					8EE5E75F1CCDF3470026EE7F = {
						CreatedOnToolsVersion = 7.1;
					};
					8EE5E7781CCDF3470026EE7F = {
						CreatedOnToolsVersion = 7.1;
						TestTargetID = 8EE5E75F1CCDF3470026EE7F;
					};
					8EE5E7831CCDF3480026EE7F = {
						CreatedOnToolsVersion = 7.1;
						TestTargetID = 8EE5E75F1CCDF3470026EE7F;
					};
				};
			};
			buildConfigurationList = 8EE5E75B1CCDF3460026EE7F /* Build configuration list for PBXProject "iOS__UICollectionView03_020113" */;
			compatibilityVersion = "Xcode 3.2";
			developmentRegion = English;
			hasScannedForEncodings = 0;
			knownRegions = (
				en,
				Base,
			);
			mainGroup = 8EE5E7571CCDF3460026EE7F;
			productRefGroup = 8EE5E7611CCDF3470026EE7F /* Products */;
			projectDirPath = "";
			projectRoot = "";
			targets = (
				8EE5E75F1CCDF3470026EE7F /* iOS__UICollectionView03_020113 */,
				8EE5E7781CCDF3470026EE7F /* iOS__UICollectionView03_020113Tests */,
				8EE5E7831CCDF3480026EE7F /* iOS__UICollectionView03_020113UITests */,
			);
		};
/* End PBXProject section */

/* Begin PBXResourcesBuildPhase section */
		8EE5E75E1CCDF3470026EE7F /* Resources */ = {
			isa = PBXResourcesBuildPhase;
			buildActionMask = 2147483647;
			files = (
				8EE5E7B01CCDF6650026EE7F /* NewYork.jpg in Resources */,
				8EE5E7BD1CCDF6650026EE7F /* BritishBreakfast.jpg in Resources */,
				8EE5E7AF1CCDF6650026EE7F /* Tokyo.jpg in Resources */,
				8EE5E7B91CCDF6650026EE7F /* Ham.jpg in Resources */,
				8EE5E7B21CCDF6650026EE7F /* Berlin.jpg in Resources */,
				8EE5E7BA1CCDF6650026EE7F /* FriedRice.jpg in Resources */,
				8EE5E7731CCDF3470026EE7F /* LaunchScreen.storyboard in Resources */,
				8EE5E7B51CCDF6650026EE7F /* Ramen.jpg in Resources */,
				8EE5E7AE1CCDF6650026EE7F /* Paris.jpg in Resources */,
				8EE5E7BF1CCDF95E0026EE7F /* Udon.jpg in Resources */,
				8EE5E7B81CCDF6650026EE7F /* Paella.jpg in Resources */,
				8EE5E7AD1CCDF6650026EE7F /* London.jpg in Resources */,
				8EE5E7B31CCDF6650026EE7F /* Sushi.jpg in Resources */,
				8EE5E7B61CCDF6650026EE7F /* Pasta.jpg in Resources */,
				8EE5E7701CCDF3470026EE7F /* Assets.xcassets in Resources */,
				8EE5E7B11CCDF6650026EE7F /* Shanghai.jpg in Resources */,
				8EE5E7BC1CCDF6650026EE7F /* Fish&Chips.jpg in Resources */,
				8EE5E7B71CCDF6650026EE7F /* Pizza.jpg in Resources */,
				8EE5E7BB1CCDF6650026EE7F /* Mabotofu.jpg in Resources */,
				8EE5E76E1CCDF3470026EE7F /* Main.storyboard in Resources */,
			);
			runOnlyForDeploymentPostprocessing = 0;
		};
		8EE5E7771CCDF3470026EE7F /* Resources */ = {
			isa = PBXResourcesBuildPhase;
			buildActionMask = 2147483647;
			files = (
			);
			runOnlyForDeploymentPostprocessing = 0;
		};
		8EE5E7821CCDF3480026EE7F /* Resources */ = {
			isa = PBXResourcesBuildPhase;
			buildActionMask = 2147483647;
			files = (
			);
			runOnlyForDeploymentPostprocessing = 0;
		};
/* End PBXResourcesBuildPhase section */

/* Begin PBXSourcesBuildPhase section */
		8EE5E75C1CCDF3470026EE7F /* Sources */ = {
			isa = PBXSourcesBuildPhase;
			buildActionMask = 2147483647;
			files = (
				8EE5E76B1CCDF3470026EE7F /* ViewController.m in Sources */,
				8EE5E7681CCDF3470026EE7F /* AppDelegate.m in Sources */,
				8EE5E7651CCDF3470026EE7F /* main.m in Sources */,
				8EE5E79B1CCDF4A80026EE7F /* Cell.m in Sources */,
				8EE5E7C21CCE01D00026EE7F /* HeaderClass.m in Sources */,
			);
			runOnlyForDeploymentPostprocessing = 0;
		};
		8EE5E7751CCDF3470026EE7F /* Sources */ = {
			isa = PBXSourcesBuildPhase;
			buildActionMask = 2147483647;
			files = (
				8EE5E77E1CCDF3480026EE7F /* iOS__UICollectionView03_020113Tests.m in Sources */,
			);
			runOnlyForDeploymentPostprocessing = 0;
		};
		8EE5E7801CCDF3480026EE7F /* Sources */ = {
			isa = PBXSourcesBuildPhase;
			buildActionMask = 2147483647;
			files = (
				8EE5E7891CCDF3480026EE7F /* iOS__UICollectionView03_020113UITests.m in Sources */,
			);
			runOnlyForDeploymentPostprocessing = 0;
		};
/* End PBXSourcesBuildPhase section */

/* Begin PBXTargetDependency section */
		8EE5E77B1CCDF3470026EE7F /* PBXTargetDependency */ = {
			isa = PBXTargetDependency;
			target = 8EE5E75F1CCDF3470026EE7F /* iOS__UICollectionView03_020113 */;
			targetProxy = 8EE5E77A1CCDF3470026EE7F /* PBXContainerItemProxy */;
		};
		8EE5E7861CCDF3480026EE7F /* PBXTargetDependency */ = {
			isa = PBXTargetDependency;
			target = 8EE5E75F1CCDF3470026EE7F /* iOS__UICollectionView03_020113 */;
			targetProxy = 8EE5E7851CCDF3480026EE7F /* PBXContainerItemProxy */;
		};
/* End PBXTargetDependency section */

/* Begin PBXVariantGroup section */
		8EE5E76C1CCDF3470026EE7F /* Main.storyboard */ = {
			isa = PBXVariantGroup;
			children = (
				8EE5E76D1CCDF3470026EE7F /* Base */,
			);
			name = Main.storyboard;
			sourceTree = "<group>";
		};
		8EE5E7711CCDF3470026EE7F /* LaunchScreen.storyboard */ = {
			isa = PBXVariantGroup;
			children = (
				8EE5E7721CCDF3470026EE7F /* Base */,
			);
			name = LaunchScreen.storyboard;
			sourceTree = "<group>";
		};
/* End PBXVariantGroup section */

/* Begin XCBuildConfiguration section */
		8EE5E78B1CCDF3480026EE7F /* Debug */ = {
			isa = XCBuildConfiguration;
			buildSettings = {
				ALWAYS_SEARCH_USER_PATHS = NO;
				CLANG_CXX_LANGUAGE_STANDARD = "gnu++0x";
				CLANG_CXX_LIBRARY = "libc++";
				CLANG_ENABLE_MODULES = YES;
				CLANG_ENABLE_OBJC_ARC = YES;
				CLANG_WARN_BOOL_CONVERSION = YES;
				CLANG_WARN_CONSTANT_CONVERSION = YES;
				CLANG_WARN_DIRECT_OBJC_ISA_USAGE = YES_ERROR;
				CLANG_WARN_EMPTY_BODY = YES;
				CLANG_WARN_ENUM_CONVERSION = YES;
				CLANG_WARN_INT_CONVERSION = YES;
				CLANG_WARN_OBJC_ROOT_CLASS = YES_ERROR;
				CLANG_WARN_UNREACHABLE_CODE = YES;
				CLANG_WARN__DUPLICATE_METHOD_MATCH = YES;
				"CODE_SIGN_IDENTITY[sdk=iphoneos*]" = "iPhone Developer";
				COPY_PHASE_STRIP = NO;
				DEBUG_INFORMATION_FORMAT = dwarf;
				ENABLE_STRICT_OBJC_MSGSEND = YES;
				ENABLE_TESTABILITY = YES;
				GCC_C_LANGUAGE_STANDARD = gnu99;
				GCC_DYNAMIC_NO_PIC = NO;
				GCC_NO_COMMON_BLOCKS = YES;
				GCC_OPTIMIZATION_LEVEL = 0;
				GCC_PREPROCESSOR_DEFINITIONS = (
					"DEBUG=1",
					"$(inherited)",
				);
				GCC_WARN_64_TO_32_BIT_CONVERSION = YES;
				GCC_WARN_ABOUT_RETURN_TYPE = YES_ERROR;
				GCC_WARN_UNDECLARED_SELECTOR = YES;
				GCC_WARN_UNINITIALIZED_AUTOS = YES_AGGRESSIVE;
				GCC_WARN_UNUSED_FUNCTION = YES;
				GCC_WARN_UNUSED_VARIABLE = YES;
				IPHONEOS_DEPLOYMENT_TARGET = 9.1;
				MTL_ENABLE_DEBUG_INFO = YES;
				ONLY_ACTIVE_ARCH = YES;
				SDKROOT = iphoneos;
			};
			name = Debug;
		};
		8EE5E78C1CCDF3480026EE7F /* Release */ = {
			isa = XCBuildConfiguration;
			buildSettings = {
				ALWAYS_SEARCH_USER_PATHS = NO;
				CLANG_CXX_LANGUAGE_STANDARD = "gnu++0x";
				CLANG_CXX_LIBRARY = "libc++";
				CLANG_ENABLE_MODULES = YES;
				CLANG_ENABLE_OBJC_ARC = YES;
				CLANG_WARN_BOOL_CONVERSION = YES;
				CLANG_WARN_CONSTANT_CONVERSION = YES;
				CLANG_WARN_DIRECT_OBJC_ISA_USAGE = YES_ERROR;
				CLANG_WARN_EMPTY_BODY = YES;
				CLANG_WARN_ENUM_CONVERSION = YES;
				CLANG_WARN_INT_CONVERSION = YES;
				CLANG_WARN_OBJC_ROOT_CLASS = YES_ERROR;
				CLANG_WARN_UNREACHABLE_CODE = YES;
				CLANG_WARN__DUPLICATE_METHOD_MATCH = YES;
				"CODE_SIGN_IDENTITY[sdk=iphoneos*]" = "iPhone Developer";
				COPY_PHASE_STRIP = NO;
				DEBUG_INFORMATION_FORMAT = "dwarf-with-dsym";
				ENABLE_NS_ASSERTIONS = NO;
				ENABLE_STRICT_OBJC_MSGSEND = YES;
				GCC_C_LANGUAGE_STANDARD = gnu99;
				GCC_NO_COMMON_BLOCKS = YES;
				GCC_WARN_64_TO_32_BIT_CONVERSION = YES;
				GCC_WARN_ABOUT_RETURN_TYPE = YES_ERROR;
				GCC_WARN_UNDECLARED_SELECTOR = YES;
				GCC_WARN_UNINITIALIZED_AUTOS = YES_AGGRESSIVE;
				GCC_WARN_UNUSED_FUNCTION = YES;
				GCC_WARN_UNUSED_VARIABLE = YES;
				IPHONEOS_DEPLOYMENT_TARGET = 9.1;
				MTL_ENABLE_DEBUG_INFO = NO;
				SDKROOT = iphoneos;
				VALIDATE_PRODUCT = YES;
			};
			name = Release;
		};
		8EE5E78E1CCDF3480026EE7F /* Debug */ = {
			isa = XCBuildConfiguration;
			buildSettings = {
				ASSETCATALOG_COMPILER_APPICON_NAME = AppIcon;
				INFOPLIST_FILE = iOS__UICollectionView03_020113/Info.plist;
				LD_RUNPATH_SEARCH_PATHS = "$(inherited) @executable_path/Frameworks";
				PRODUCT_BUNDLE_IDENTIFIER = "com.UICollectionView03.iOS.iOS--UICollectionView03-020113";
				PRODUCT_NAME = "$(TARGET_NAME)";
			};
			name = Debug;
		};
		8EE5E78F1CCDF3480026EE7F /* Release */ = {
			isa = XCBuildConfiguration;
			buildSettings = {
				ASSETCATALOG_COMPILER_APPICON_NAME = AppIcon;
				INFOPLIST_FILE = iOS__UICollectionView03_020113/Info.plist;
				LD_RUNPATH_SEARCH_PATHS = "$(inherited) @executable_path/Frameworks";
				PRODUCT_BUNDLE_IDENTIFIER = "com.UICollectionView03.iOS.iOS--UICollectionView03-020113";
				PRODUCT_NAME = "$(TARGET_NAME)";
			};
			name = Release;
		};
		8EE5E7911CCDF3480026EE7F /* Debug */ = {
			isa = XCBuildConfiguration;
			buildSettings = {
				BUNDLE_LOADER = "$(TEST_HOST)";
				INFOPLIST_FILE = iOS__UICollectionView03_020113Tests/Info.plist;
				LD_RUNPATH_SEARCH_PATHS = "$(inherited) @executable_path/Frameworks @loader_path/Frameworks";
				PRODUCT_BUNDLE_IDENTIFIER = "com.UICollectionView03.iOS.iOS--UICollectionView03-020113Tests";
				PRODUCT_NAME = "$(TARGET_NAME)";
				TEST_HOST = "$(BUILT_PRODUCTS_DIR)/iOS__UICollectionView03_020113.app/iOS__UICollectionView03_020113";
			};
			name = Debug;
		};
		8EE5E7921CCDF3480026EE7F /* Release */ = {
			isa = XCBuildConfiguration;
			buildSettings = {
				BUNDLE_LOADER = "$(TEST_HOST)";
				INFOPLIST_FILE = iOS__UICollectionView03_020113Tests/Info.plist;
				LD_RUNPATH_SEARCH_PATHS = "$(inherited) @executable_path/Frameworks @loader_path/Frameworks";
				PRODUCT_BUNDLE_IDENTIFIER = "com.UICollectionView03.iOS.iOS--UICollectionView03-020113Tests";
				PRODUCT_NAME = "$(TARGET_NAME)";
				TEST_HOST = "$(BUILT_PRODUCTS_DIR)/iOS__UICollectionView03_020113.app/iOS__UICollectionView03_020113";
			};
			name = Release;
		};
		8EE5E7941CCDF3480026EE7F /* Debug */ = {
			isa = XCBuildConfiguration;
			buildSettings = {
				INFOPLIST_FILE = iOS__UICollectionView03_020113UITests/Info.plist;
				LD_RUNPATH_SEARCH_PATHS = "$(inherited) @executable_path/Frameworks @loader_path/Frameworks";
				PRODUCT_BUNDLE_IDENTIFIER = "com.UICollectionView03.iOS.iOS--UICollectionView03-020113UITests";
				PRODUCT_NAME = "$(TARGET_NAME)";
				TEST_TARGET_NAME = iOS__UICollectionView03_020113;
				USES_XCTRUNNER = YES;
			};
			name = Debug;
		};
		8EE5E7951CCDF3480026EE7F /* Release */ = {
			isa = XCBuildConfiguration;
			buildSettings = {
				INFOPLIST_FILE = iOS__UICollectionView03_020113UITests/Info.plist;
				LD_RUNPATH_SEARCH_PATHS = "$(inherited) @executable_path/Frameworks @loader_path/Frameworks";
				PRODUCT_BUNDLE_IDENTIFIER = "com.UICollectionView03.iOS.iOS--UICollectionView03-020113UITests";
				PRODUCT_NAME = "$(TARGET_NAME)";
				TEST_TARGET_NAME = iOS__UICollectionView03_020113;
				USES_XCTRUNNER = YES;
			};
			name = Release;
		};
/* End XCBuildConfiguration section */

/* Begin XCConfigurationList section */
		8EE5E75B1CCDF3460026EE7F /* Build configuration list for PBXProject "iOS__UICollectionView03_020113" */ = {
			isa = XCConfigurationList;
			buildConfigurations = (
				8EE5E78B1CCDF3480026EE7F /* Debug */,
				8EE5E78C1CCDF3480026EE7F /* Release */,
			);
			defaultConfigurationIsVisible = 0;
			defaultConfigurationName = Release;
		};
		8EE5E78D1CCDF3480026EE7F /* Build configuration list for PBXNativeTarget "iOS__UICollectionView03_020113" */ = {
			isa = XCConfigurationList;
			buildConfigurations = (
				8EE5E78E1CCDF3480026EE7F /* Debug */,
				8EE5E78F1CCDF3480026EE7F /* Release */,
			);
			defaultConfigurationIsVisible = 0;
		};
		8EE5E7901CCDF3480026EE7F /* Build configuration list for PBXNativeTarget "iOS__UICollectionView03_020113Tests" */ = {
			isa = XCConfigurationList;
			buildConfigurations = (
				8EE5E7911CCDF3480026EE7F /* Debug */,
				8EE5E7921CCDF3480026EE7F /* Release */,
			);
			defaultConfigurationIsVisible = 0;
		};
		8EE5E7931CCDF3480026EE7F /* Build configuration list for PBXNativeTarget "iOS__UICollectionView03_020113UITests" */ = {
			isa = XCConfigurationList;
			buildConfigurations = (
				8EE5E7941CCDF3480026EE7F /* Debug */,
				8EE5E7951CCDF3480026EE7F /* Release */,
			);
			defaultConfigurationIsVisible = 0;
		};
/* End XCConfigurationList section */
	};
	rootObject = 8EE5E7581CCDF3460026EE7F /* Project object */;
}
